
Microsoft Visual Studio Solution File, Format Version 12.00
# Visual Studio Version 17
VisualStudioVersion = 17.14.36414.22 d17.14
MinimumVisualStudioVersion = 10.0.40219.1
Project("{FAE04EC0-301F-11D3-BF4B-00C04F79EFBC}") = "API DEMO", "API DEMO.csproj", "{2A3E3265-82F4-4138-8F91-BDE2451CD584}"
EndProject
Global
	GlobalSection(SolutionConfigurationPlatforms) = preSolution
		Debug|Any CPU = Debug|Any CPU
		Release|Any CPU = Release|Any CPU
	EndGlobalSection
	GlobalSection(ProjectConfigurationPlatforms) = postSolution
		{2A3E3265-82F4-4138-8F91-BDE2451CD584}.Debug|Any CPU.ActiveCfg = Debug|Any CPU
		{2A3E3265-82F4-4138-8F91-BDE2451CD584}.Debug|Any CPU.Build.0 = Debug|Any CPU
		{2A3E3265-82F4-4138-8F91-BDE2451CD584}.Release|Any CPU.ActiveCfg = Release|Any CPU
		{2A3E3265-82F4-4138-8F91-BDE2451CD584}.Release|Any CPU.Build.0 = Release|Any CPU
	EndGlobalSection
	GlobalSection(SolutionProperties) = preSolution
		HideSolutionNode = FALSE
	EndGlobalSection
	GlobalSection(ExtensibilityGlobals) = postSolution
		SolutionGuid = {D334A5EF-47FE-44DA-9FB1-A7DB6340343B}
	EndGlobalSection
EndGlobal
